
Microsoft Visual Studio Solution File, Format Version 12.00
# Visual Studio Version 17
VisualStudioVersion = 17.12.35527.113
MinimumVisualStudioVersion = 10.0.40219.1
Project("{FAE04EC0-301F-11D3-BF4B-00C04F79EFBC}") = "entityframeworkdeneme1", "entityframeworkdeneme1\entityframeworkdeneme1.csproj", "{71D707DC-CD46-40FC-B5DE-D940AC61902A}"
EndProject
Project("{FAE04EC0-301F-11D3-BF4B-00C04F79EFBC}") = "webuygulama", "webuygulama\webuygulama.csproj", "{E5D64D0D-E492-4EEB-B6A5-F2B80A09528C}"
EndProject
Global
	GlobalSection(SolutionConfigurationPlatforms) = preSolution
		Debug|Any CPU = Debug|Any CPU
		Release|Any CPU = Release|Any CPU
	EndGlobalSection
	GlobalSection(ProjectConfigurationPlatforms) = postSolution
		{71D707DC-CD46-40FC-B5DE-D940AC61902A}.Debug|Any CPU.ActiveCfg = Debug|Any CPU
		{71D707DC-CD46-40FC-B5DE-D940AC61902A}.Debug|Any CPU.Build.0 = Debug|Any CPU
		{71D707DC-CD46-40FC-B5DE-D940AC61902A}.Release|Any CPU.ActiveCfg = Release|Any CPU
		{71D707DC-CD46-40FC-B5DE-D940AC61902A}.Release|Any CPU.Build.0 = Release|Any CPU
		{E5D64D0D-E492-4EEB-B6A5-F2B80A09528C}.Debug|Any CPU.ActiveCfg = Debug|Any CPU
		{E5D64D0D-E492-4EEB-B6A5-F2B80A09528C}.Debug|Any CPU.Build.0 = Debug|Any CPU
		{E5D64D0D-E492-4EEB-B6A5-F2B80A09528C}.Release|Any CPU.ActiveCfg = Release|Any CPU
		{E5D64D0D-E492-4EEB-B6A5-F2B80A09528C}.Release|Any CPU.Build.0 = Release|Any CPU
	EndGlobalSection
	GlobalSection(SolutionProperties) = preSolution
		HideSolutionNode = FALSE
	EndGlobalSection
EndGlobal
